PODS:
  - Flutter (1.0.0)
  - uikitview_example (0.0.1):
    - Flutter

DEPENDENCIES:
  - Flutter (from `Flutter`)
  - uikitview_example (from `.symlinks/plugins/uikitview_example/ios`)

EXTERNAL SOURCES:
  Flutter:
    :path: Flutter
  uikitview_example:
    :path: ".symlinks/plugins/uikitview_example/ios"

SPEC CHECKSUMS:
  Flutter: f04841e97a9d0b0a8025694d0796dd46242b2854
  uikitview_example: f074bb3e3dd7096c87b924c5db171d35e953ff29

PODFILE CHECKSUM: e5ee00144d04e7b168ba7ea28a9753540e444f3d

COCOAPODS: 1.12.1
