PODS:
  - Flutter (1.0.0)
  - uikitview_example (0.0.1):
    - Flutter

DEPENDENCIES:
  - Flutter (from `Flutter`)
  - uikitview_example (from `.symlinks/plugins/uikitview_example/ios`)

EXTERNAL SOURCES:
  Flutter:
    :path: Flutter
  uikitview_example:
    :path: ".symlinks/plugins/uikitview_example/ios"

SPEC CHECKSUMS:
  Flutter: 0e3d915762c693b495b44d77113d4970485de6ec
  uikitview_example: f074bb3e3dd7096c87b924c5db171d35e953ff29

PODFILE CHECKSUM: f32fb4e7c14f8b3ca19a369d7be425dd9241af27

COCOAPODS: 1.8.4
